# This file is automatically @generated by Cargo.
# It is not intended for manual editing.
version = 4

[[package]]
name = "rusty_esp_core"
version = "0.1.0"

[[package]]
name = "rusty_esp_signal"
version = "0.1.0"
dependencies = [
 "rusty_esp_signal-core",
 "rusty_esp_signal-esp",
]

[[package]]
name = "rusty_esp_signal-core"
version = "0.1.0"
dependencies = [
 "rusty_esp_core",
]

[[package]]
name = "rusty_esp_signal-esp"
version = "0.1.0"
dependencies = [
 "rusty_esp_signal-core",
]
